<Solution>
  <Configurations>
    <Platform Name="x64" />
    <Platform Name="x86" />
  </Configurations>
  <Project Path="Advanced_Calculator/Advanced_Calculator.vcxproj" Id="a8664cb3-4daf-40ca-bf42-7e21be23f76d" />
  <Project Path="Area calculator/Area calculator.vcxproj" Id="a1e72ea2-8f93-40c9-af39-b1ca61685dc9" />
  <Project Path="arrays/arrays.vcxproj" Id="683a503a-85c4-4f7e-bf31-a1a452a70390" />
  <Project Path="Auto/Auto.vcxproj" Id="6455af5d-10d3-43d6-8488-f7ef1c1af396" />
  <Project Path="Bitwise Operators/Bitwise Operators.vcxproj" Id="1baea41e-4b51-4876-8138-87e0f93dd1ba" />
  <Project Path="BitWiseOperators_Assignment/BitWiseOperators_Assignment.vcxproj" Id="a42ef227-9011-46f1-83b6-be00464e0404" />
  <Project Path="booleans/booleans.vcxproj" Id="61437359-10b1-4f83-8d98-5a28f440200b" />
  <Project Path="Dynamic Array/Dynamic Array.vcxproj" Id="11e78cd0-5396-4bb8-82ce-0d8d764f150b" />
  <Project Path="Enchanted Calculator/Enchanted Calculator.vcxproj" Id="4f308337-0f66-4250-a2cd-74a1014eb986" />
  <Project Path="Enums/Enums.vcxproj" Id="56c7c359-036b-41c5-9318-e6410c494510" />
  <Project Path="floats/floats.vcxproj" Id="5b05d72d-8ec7-4474-a2e9-2f2ace17d6ec" />
  <Project Path="Flow Control/Flow Control.vcxproj" Id="a897168e-c932-40f4-a5c3-3ebe8b2edc8c" />
  <Project Path="Integrals/Integrals.vcxproj" Id="ee4ed7a1-20ca-4137-93bf-6949e2b7f619" />
  <Project Path="Operators/Operators.vcxproj" Id="fac9bab6-e263-483f-902f-513db309ff3e" />
  <Project Path="Pointers/Pointers.vcxproj" Id="ac30fdeb-d453-4148-814b-0a6e25a64ba0" />
  <Project Path="pointers_chatgpt_tasks/pointers_chatgpt_tasks.vcxproj" Id="7d9f1970-b0aa-460a-8552-98219d62f7fe" />
  <Project Path="shared pointers/shared pointers.vcxproj" Id="58e7b6f8-12be-4f11-bec0-5e1561692139" />
  <Project Path="Simple Calculator/Simple Calculator.vcxproj" Id="f989a75a-bb4e-4928-90b0-2b1aa59cfaa6" />
  <Project Path="Swap/Swap.vcxproj" Id="9827eb14-24bb-4fb0-bfe1-406f7408cd88" />
  <Project Path="Type Conversion assignment/Type Conversion assignment.vcxproj" Id="9a05da81-1cdf-4b22-ba31-bbf02e39a8af" />
  <Project Path="TypeConversion1/TypeConversion1.vcxproj" Id="def2fed7-b74f-4437-8e22-af0d4a46a2e9" />
</Solution>
